github.com/chzyer/logex v1.1.10/go.mod h1:+Ywpsq7O8HXn0nuIou7OrIPyXbp3wmkHB+jjWRnGsAI=
github.com/chzyer/readline v0.0.0-20180603132655-2972be24d48e/go.mod h1:nSuG5e5PlCu98SY8svDHJxuZscDgtXS6KTTbou5AhLI=
github.com/chzyer/test v0.0.0-20180213035817-a1ea475d72b1/go.mod h1:Q3SI9o4m/ZMnBNeIyt5eFwwo7qiLfzFZmjNmxjkiQlU=
github.com/cjoudrey/gluahttp v0.0.0-20190104103309-101c19a37344 h1:nTK6O2RY1nHC4jNEJd1nixVP7ygY3QE4CNxCX07dHKU=
github.com/cjoudrey/gluahttp v0.0.0-20190104103309-101c19a37344/go.mod h1:X97UjDTXp+7bayQSFZk2hPvCTmTZIicUjZQRtkwgAKY=
github.com/cjoudrey/gluaurl v0.0.0-20161028222611-31cbb9bef199 h1:cJ1E8ZwZLfercTX3dywnCAQDilbbi+m2cw3+8tCFpRo=
github.com/cjoudrey/gluaurl v0.0.0-20161028222611-31cbb9bef199/go.mod h1:jC+zrjHA5CaxJzn+tojIoIOzSp/6BlkRWXnMlxNkB+g=
github.com/kohkimakimoto/gluaenv v0.0.0-20160815032729-2888db6bbe38 h1:biwbB8L9cu79c7DxV925AKHh0lg+cr3Gk6QNbv1pF0E=
github.com/kohkimakimoto/gluaenv v0.0.0-20160815032729-2888db6bbe38/go.mod h1:lkO/BmfZkRNgMaKcN5CvXaYM/UCM0W5HQdTJ4SXMLXc=
github.com/kohkimakimoto/gluafs v0.0.0-20160815050327-01391ed2d7ab h1:GgLRYIeDQ+bs9x0SqTzpFpqg6T1t3DdBD3fvCv8C+5M=
github.com/kohkimakimoto/gluafs v0.0.0-20160815050327-01391ed2d7ab/go.mod h1:75b63yPNyj5bw+igUVUTKevXzpZNb+sKROvhgD6tVu4=
github.com/kohkimakimoto/gluatemplate v0.0.0-20160815033744-d9e2c9d6b00f h1:CXJzfe/zhkWjXLAZItKA4BPHo4d8Fh7Hc4gqcLVyrWQ=
github.com/kohkimakimoto/gluatemplate v0.0.0-20160815033744-d9e2c9d6b00f/go.mod h1:mepZlGlueX0FYzgC3KQMEuBBQuaAvdp8RUY+ZEe2fbI=
github.com/mattn/go-runewidth v0.0.4 h1:2BvfKmzob6Bmd4YsL0zygOqfdFnK7GR4QL06Do4/p7Y=
github.com/mattn/go-runewidth v0.0.4/go.mod h1:LwmH8dsx7+W8Uxz3IHJYH5QSwggIsqBzpuz5H//U1FU=
github.com/olekukonko/tablewriter v0.0.1 h1:b3iUnf1v+ppJiOfNX4yxxqfWKMQPZR5yoh8urCTFX88=
github.com/olekukonko/tablewriter v0.0.1/go.mod h1:vsDQFd/mU46D+Z4whnwzcISnGGzXWMclvtLoiIKAKIo=
github.com/otm/gluash v0.0.0-20151226163409-e145c563986f h1:+gQ2hneEnD00TaMTBYNkOIHt5pOVLA+mvCbXYj2uoNc=
github.com/otm/gluash v0.0.0-20151226163409-e145c563986f/go.mod h1:hOW70qJVUnf+EYK21e44kaJDMTJWXkvyodn7JMBS31Y=
github.com/yookoala/realpath v1.0.0 h1:7OA9pj4FZd+oZDsyvXWQvjn5oBdcHRTV44PpdMSuImQ=
github.com/yookoala/realpath v1.0.0/go.mod h1:gJJMA9wuX7AcqLy1+ffPatSCySA1FQ2S8Ya9AIoYBpE=
github.com/yuin/gopher-lua v0.0.0-20190206043414-8bfc7677f583 h1:SZPG5w7Qxq7bMcMVl6e3Ht2X7f+AAGQdzjkbyOnNNZ8=
github.com/yuin/gopher-lua v0.0.0-20190206043414-8bfc7677f583/go.mod h1:gqRgreBUhTSL0GeU64rtZ3Uq3wtjOa/TB2YfrtkCbVQ=
github.com/yuin/gopher-lua v0.0.0-20190514113301-1cd887cd7036 h1:1b6PAtenNyhsmo/NKXVe34h7JEZKva1YB/ne7K7mqKM=
github.com/yuin/gopher-lua v0.0.0-20190514113301-1cd887cd7036/go.mod h1:gqRgreBUhTSL0GeU64rtZ3Uq3wtjOa/TB2YfrtkCbVQ=
golang.org/x/sys v0.0.0-20190204203706-41f3e6584952 h1:FDfvYgoVsA7TTZSbgiqjAbfPbK47CNHdWl3h/PJtii0=
golang.org/x/sys v0.0.0-20190204203706-41f3e6584952/go.mod h1:STP8DvDyc/dI5b8T5hshtkjS+E42TnysNCUPdjciGhY=
layeh.com/asar v0.0.0-20180124002634-bf07d1986b90 h1:QX+TvRPBm0xq4JawBzEffmUZJmAT1EaOoh/iq8PlFNs=
layeh.com/asar v0.0.0-20180124002634-bf07d1986b90/go.mod h1:CLmkfko5/VkAMh7XT0h04VabpfkayqhyXP94jGN6HRM=
layeh.com/gopher-json v0.0.0-20190114024228-97fed8db8427 h1:RZkKxMR3jbQxdCEcglq3j7wY3PRJIopAwBlx1RE71X0=
layeh.com/gopher-json v0.0.0-20190114024228-97fed8db8427/go.mod h1:ivKkcY8Zxw5ba0jldhZCYYQfGdb2K6u9tbYK1AwMIBc=
layeh.com/gopher-luar v1.0.7 h1:53iv6CCkRs5wyofZ+qVXcyAYQOIG52s6pt4xkqZdq7k=
layeh.com/gopher-luar v1.0.7/go.mod h1:TPnIVCZ2RJBndm7ohXyaqfhzjlZ+OA2SZR/YwL8tECk=
